
Microsoft Visual Studio Solution File, Format Version 12.00
# Visual Studio Version 16
VisualStudioVersion = 16.0.32428.217
MinimumVisualStudioVersion = 10.0.40219.1
Project("{FAE04EC0-301F-11D3-BF4B-00C04F79EFBC}") = "Le Pendu", "Le Pendu\Le Pendu.csproj", "{EC24E32E-38AF-440E-95FA-142E73E35984}"
EndProject
Global
	GlobalSection(SolutionConfigurationPlatforms) = preSolution
		Debug|Any CPU = Debug|Any CPU
		Release|Any CPU = Release|Any CPU
	EndGlobalSection
	GlobalSection(ProjectConfigurationPlatforms) = postSolution
		{EC24E32E-38AF-440E-95FA-142E73E35984}.Debug|Any CPU.ActiveCfg = Debug|Any CPU
		{EC24E32E-38AF-440E-95FA-142E73E35984}.Debug|Any CPU.Build.0 = Debug|Any CPU
		{EC24E32E-38AF-440E-95FA-142E73E35984}.Release|Any CPU.ActiveCfg = Release|Any CPU
		{EC24E32E-38AF-440E-95FA-142E73E35984}.Release|Any CPU.Build.0 = Release|Any CPU
	EndGlobalSection
	GlobalSection(SolutionProperties) = preSolution
		HideSolutionNode = FALSE
	EndGlobalSection
	GlobalSection(ExtensibilityGlobals) = postSolution
		SolutionGuid = {27115D70-C913-432E-B8D9-D47DBCB933AA}
	EndGlobalSection
EndGlobal
